
Microsoft Visual Studio Solution File, Format Version 12.00
# Visual Studio Express 2012 for Windows Phone
Project("{FAE04EC0-301F-11D3-BF4B-00C04F79EFBC}") = "ContentGame", "ContentGame\ContentGame\ContentGame.csproj", "{CB41A6E3-D665-4738-A2F0-01BB20959B41}"
EndProject
Project("{96E2B04D-8817-42C6-938A-82C39BA4D311}") = "ContentGameContent", "ContentGame\ContentGameContent\ContentGameContent.contentproj", "{B74F0913-861C-4C1A-B36E-02E42EC46D58}"
EndProject
Global
	GlobalSection(SolutionConfigurationPlatforms) = preSolution
		Debug|Windows Phone = Debug|Windows Phone
		Release|Windows Phone = Release|Windows Phone
	EndGlobalSection
	GlobalSection(ProjectConfigurationPlatforms) = postSolution
		{CB41A6E3-D665-4738-A2F0-01BB20959B41}.Debug|Windows Phone.ActiveCfg = Debug|Windows Phone
		{CB41A6E3-D665-4738-A2F0-01BB20959B41}.Debug|Windows Phone.Build.0 = Debug|Windows Phone
		{CB41A6E3-D665-4738-A2F0-01BB20959B41}.Debug|Windows Phone.Deploy.0 = Debug|Windows Phone
		{CB41A6E3-D665-4738-A2F0-01BB20959B41}.Release|Windows Phone.ActiveCfg = Release|Windows Phone
		{CB41A6E3-D665-4738-A2F0-01BB20959B41}.Release|Windows Phone.Build.0 = Release|Windows Phone
		{CB41A6E3-D665-4738-A2F0-01BB20959B41}.Release|Windows Phone.Deploy.0 = Release|Windows Phone
		{B74F0913-861C-4C1A-B36E-02E42EC46D58}.Debug|Windows Phone.ActiveCfg = Debug|Windows Phone
		{B74F0913-861C-4C1A-B36E-02E42EC46D58}.Release|Windows Phone.ActiveCfg = Release|Windows Phone
	EndGlobalSection
	GlobalSection(SolutionProperties) = preSolution
		HideSolutionNode = FALSE
	EndGlobalSection
EndGlobal
